// !$*UTF8*$!
{
	archiveVersion = 1;
	classes = {
	};
	objectVersion = 46;
	objects = {

/* Begin PBXBuildFile section */
		62E7F0A01AA057DE00A0F3CA /* main.cpp in Sources */ = {isa = PBXBuildFile; fileRef = 62E7F09F1AA057DE00A0F3CA /* main.cpp */; };
/* End PBXBuildFile section */

/* Begin PBXCopyFilesBuildPhase section */
		62E7F09A1AA057DE00A0F3CA /* CopyFiles */ = {
			isa = PBXCopyFilesBuildPhase;
			buildActionMask = 2147483647;
			dstPath = /usr/share/man/man1/;
			dstSubfolderSpec = 0;
			files = (
			);
			runOnlyForDeploymentPostprocessing = 1;
		};
/* End PBXCopyFilesBuildPhase section */

/* Begin PBXFileReference section */
		62E7F09C1AA057DE00A0F3CA /* LTMmap */ = {isa = PBXFileReference; explicitFileType = "compiled.mach-o.executable"; includeInIndex = 0; path = LTMmap; sourceTree = BUILT_PRODUCTS_DIR; };
		62E7F09F1AA057DE00A0F3CA /* main.cpp */ = {isa = PBXFileReference; lastKnownFileType = sourcecode.cpp.cpp; path = main.cpp; sourceTree = "<group>"; };
/* End PBXFileReference section */

/* Begin PBXFrameworksBuildPhase section */
		62E7F0991AA057DE00A0F3CA /* Frameworks */ = {
			isa = PBXFrameworksBuildPhase;
			buildActionMask = 2147483647;
			files = (
			);
			runOnlyForDeploymentPostprocessing = 0;
		};
/* End PBXFrameworksBuildPhase section */

/* Begin PBXGroup section */
		62E7F0931AA057DE00A0F3CA = {
			isa = PBXGroup;
			children = (
				62E7F09E1AA057DE00A0F3CA /* LTMmap */,
				62E7F09D1AA057DE00A0F3CA /* Products */,
			);
			sourceTree = "<group>";
		};
		62E7F09D1AA057DE00A0F3CA /* Products */ = {
			isa = PBXGroup;
			children = (
				62E7F09C1AA057DE00A0F3CA /* LTMmap */,
			);
			name = Products;
			sourceTree = "<group>";
		};
		62E7F09E1AA057DE00A0F3CA /* LTMmap */ = {
			isa = PBXGroup;
			children = (
				62E7F09F1AA057DE00A0F3CA /* main.cpp */,
			);
			path = LTMmap;
			sourceTree = "<group>";
		};
/* End PBXGroup section */

/* Begin PBXNativeTarget section */
		62E7F09B1AA057DE00A0F3CA /* LTMmap */ = {
			isa = PBXNativeTarget;
			buildConfigurationList = 62E7F0A31AA057DE00A0F3CA /* Build configuration list for PBXNativeTarget "LTMmap" */;
			buildPhases = (
				62E7F0981AA057DE00A0F3CA /* Sources */,
				62E7F0991AA057DE00A0F3CA /* Frameworks */,
				62E7F09A1AA057DE00A0F3CA /* CopyFiles */,
			);
			buildRules = (
			);
			dependencies = (
			);
			name = LTMmap;
			productName = LTMmap;
			productReference = 62E7F09C1AA057DE00A0F3CA /* LTMmap */;
			productType = "com.apple.product-type.tool";
		};
/* End PBXNativeTarget section */

/* Begin PBXProject section */
		62E7F0941AA057DE00A0F3CA /* Project object */ = {
			isa = PBXProject;
			attributes = {
				LastUpgradeCheck = 0610;
				ORGANIZATIONNAME = LTM;
				TargetAttributes = {
					62E7F09B1AA057DE00A0F3CA = {
						CreatedOnToolsVersion = 6.1.1;
					};
				};
			};
			buildConfigurationList = 62E7F0971AA057DE00A0F3CA /* Build configuration list for PBXProject "LTMmap" */;
			compatibilityVersion = "Xcode 3.2";
			developmentRegion = English;
			hasScannedForEncodings = 0;
			knownRegions = (
				en,
			);
			mainGroup = 62E7F0931AA057DE00A0F3CA;
			productRefGroup = 62E7F09D1AA057DE00A0F3CA /* Products */;
			projectDirPath = "";
			projectRoot = "";
			targets = (
				62E7F09B1AA057DE00A0F3CA /* LTMmap */,
			);
		};
/* End PBXProject section */

/* Begin PBXSourcesBuildPhase section */
		62E7F0981AA057DE00A0F3CA /* Sources */ = {
			isa = PBXSourcesBuildPhase;
			buildActionMask = 2147483647;
			files = (
				62E7F0A01AA057DE00A0F3CA /* main.cpp in Sources */,
			);
			runOnlyForDeploymentPostprocessing = 0;
		};
/* End PBXSourcesBuildPhase section */

/* Begin XCBuildConfiguration section */
		62E7F0A11AA057DE00A0F3CA /* Debug */ = {
			isa = XCBuildConfiguration;
			buildSettings = {
				ALWAYS_SEARCH_USER_PATHS = NO;
				CLANG_CXX_LANGUAGE_STANDARD = "gnu++0x";
				CLANG_CXX_LIBRARY = "libc++";
				CLANG_ENABLE_MODULES = YES;
				CLANG_ENABLE_OBJC_ARC = YES;
				CLANG_WARN_BOOL_CONVERSION = YES;
				CLANG_WARN_CONSTANT_CONVERSION = YES;
				CLANG_WARN_DIRECT_OBJC_ISA_USAGE = YES_ERROR;
				CLANG_WARN_EMPTY_BODY = YES;
				CLANG_WARN_ENUM_CONVERSION = YES;
				CLANG_WARN_INT_CONVERSION = YES;
				CLANG_WARN_OBJC_ROOT_CLASS = YES_ERROR;
				CLANG_WARN_UNREACHABLE_CODE = YES;
				CLANG_WARN__DUPLICATE_METHOD_MATCH = YES;
				COPY_PHASE_STRIP = NO;
				ENABLE_STRICT_OBJC_MSGSEND = YES;
				GCC_C_LANGUAGE_STANDARD = gnu99;
				GCC_DYNAMIC_NO_PIC = NO;
				GCC_OPTIMIZATION_LEVEL = 0;
				GCC_PREPROCESSOR_DEFINITIONS = (
					"DEBUG=1",
					"$(inherited)",
				);
				GCC_SYMBOLS_PRIVATE_EXTERN = NO;
				GCC_WARN_64_TO_32_BIT_CONVERSION = YES;
				GCC_WARN_ABOUT_RETURN_TYPE = YES_ERROR;
				GCC_WARN_UNDECLARED_SELECTOR = YES;
				GCC_WARN_UNINITIALIZED_AUTOS = YES_AGGRESSIVE;
				GCC_WARN_UNUSED_FUNCTION = YES;
				GCC_WARN_UNUSED_VARIABLE = YES;
				MACOSX_DEPLOYMENT_TARGET = 10.10;
				MTL_ENABLE_DEBUG_INFO = YES;
				ONLY_ACTIVE_ARCH = YES;
				SDKROOT = macosx;
			};
			name = Debug;
		};
		62E7F0A21AA057DE00A0F3CA /* Release */ = {
			isa = XCBuildConfiguration;
			buildSettings = {
				ALWAYS_SEARCH_USER_PATHS = NO;
				CLANG_CXX_LANGUAGE_STANDARD = "gnu++0x";
				CLANG_CXX_LIBRARY = "libc++";
				CLANG_ENABLE_MODULES = YES;
				CLANG_ENABLE_OBJC_ARC = YES;
				CLANG_WARN_BOOL_CONVERSION = YES;
				CLANG_WARN_CONSTANT_CONVERSION = YES;
				CLANG_WARN_DIRECT_OBJC_ISA_USAGE = YES_ERROR;
				CLANG_WARN_EMPTY_BODY = YES;
				CLANG_WARN_ENUM_CONVERSION = YES;
				CLANG_WARN_INT_CONVERSION = YES;
				CLANG_WARN_OBJC_ROOT_CLASS = YES_ERROR;
				CLANG_WARN_UNREACHABLE_CODE = YES;
				CLANG_WARN__DUPLICATE_METHOD_MATCH = YES;
				COPY_PHASE_STRIP = YES;
				DEBUG_INFORMATION_FORMAT = "dwarf-with-dsym";
				ENABLE_NS_ASSERTIONS = NO;
				ENABLE_STRICT_OBJC_MSGSEND = YES;
				GCC_C_LANGUAGE_STANDARD = gnu99;
				GCC_WARN_64_TO_32_BIT_CONVERSION = YES;
				GCC_WARN_ABOUT_RETURN_TYPE = YES_ERROR;
				GCC_WARN_UNDECLARED_SELECTOR = YES;
				GCC_WARN_UNINITIALIZED_AUTOS = YES_AGGRESSIVE;
				GCC_WARN_UNUSED_FUNCTION = YES;
				GCC_WARN_UNUSED_VARIABLE = YES;
				MACOSX_DEPLOYMENT_TARGET = 10.10;
				MTL_ENABLE_DEBUG_INFO = NO;
				SDKROOT = macosx;
			};
			name = Release;
		};
		62E7F0A41AA057DE00A0F3CA /* Debug */ = {
			isa = XCBuildConfiguration;
			buildSettings = {
				PRODUCT_NAME = "$(TARGET_NAME)";
			};
			name = Debug;
		};
		62E7F0A51AA057DE00A0F3CA /* Release */ = {
			isa = XCBuildConfiguration;
			buildSettings = {
				PRODUCT_NAME = "$(TARGET_NAME)";
			};
			name = Release;
		};
/* End XCBuildConfiguration section */

/* Begin XCConfigurationList section */
		62E7F0971AA057DE00A0F3CA /* Build configuration list for PBXProject "LTMmap" */ = {
			isa = XCConfigurationList;
			buildConfigurations = (
				62E7F0A11AA057DE00A0F3CA /* Debug */,
				62E7F0A21AA057DE00A0F3CA /* Release */,
			);
			defaultConfigurationIsVisible = 0;
			defaultConfigurationName = Release;
		};
		62E7F0A31AA057DE00A0F3CA /* Build configuration list for PBXNativeTarget "LTMmap" */ = {
			isa = XCConfigurationList;
			buildConfigurations = (
				62E7F0A41AA057DE00A0F3CA /* Debug */,
				62E7F0A51AA057DE00A0F3CA /* Release */,
			);
			defaultConfigurationIsVisible = 0;
		};
/* End XCConfigurationList section */
	};
	rootObject = 62E7F0941AA057DE00A0F3CA /* Project object */;
}
