// !$*UTF8*$!
{
	archiveVersion = 1;
	classes = {
	};
	objectVersion = 46;
	objects = {

/* Begin PBXBuildFile section */
		628F810A1E02D267006F03E3 /* Client.cpp in Sources */ = {isa = PBXBuildFile; fileRef = 628F81011E02D267006F03E3 /* Client.cpp */; };
		628F810B1E02D267006F03E3 /* Factory.cpp in Sources */ = {isa = PBXBuildFile; fileRef = 628F81021E02D267006F03E3 /* Factory.cpp */; };
		628F810C1E02D267006F03E3 /* Object3D.cpp in Sources */ = {isa = PBXBuildFile; fileRef = 628F81041E02D267006F03E3 /* Object3D.cpp */; };
		628F810D1E02D267006F03E3 /* Proxy3DObject.cpp in Sources */ = {isa = PBXBuildFile; fileRef = 628F81061E02D267006F03E3 /* Proxy3DObject.cpp */; };
		628F810E1E02D267006F03E3 /* Real3DObject.cpp in Sources */ = {isa = PBXBuildFile; fileRef = 628F81081E02D267006F03E3 /* Real3DObject.cpp */; };
/* End PBXBuildFile section */

/* Begin PBXCopyFilesBuildPhase section */
		628F80F51E02D23F006F03E3 /* CopyFiles */ = {
			isa = PBXCopyFilesBuildPhase;
			buildActionMask = 2147483647;
			dstPath = /usr/share/man/man1/;
			dstSubfolderSpec = 0;
			files = (
			);
			runOnlyForDeploymentPostprocessing = 1;
		};
/* End PBXCopyFilesBuildPhase section */

/* Begin PBXFileReference section */
		628F80F71E02D23F006F03E3 /* ProxyVirtuel */ = {isa = PBXFileReference; explicitFileType = "compiled.mach-o.executable"; includeInIndex = 0; path = ProxyVirtuel; sourceTree = BUILT_PRODUCTS_DIR; };
		628F81011E02D267006F03E3 /* Client.cpp */ = {isa = PBXFileReference; fileEncoding = 4; lastKnownFileType = sourcecode.cpp.cpp; path = Client.cpp; sourceTree = "<group>"; };
		628F81021E02D267006F03E3 /* Factory.cpp */ = {isa = PBXFileReference; fileEncoding = 4; lastKnownFileType = sourcecode.cpp.cpp; path = Factory.cpp; sourceTree = "<group>"; };
		628F81031E02D267006F03E3 /* Factory.h */ = {isa = PBXFileReference; fileEncoding = 4; lastKnownFileType = sourcecode.c.h; path = Factory.h; sourceTree = "<group>"; };
		628F81041E02D267006F03E3 /* Object3D.cpp */ = {isa = PBXFileReference; fileEncoding = 4; lastKnownFileType = sourcecode.cpp.cpp; path = Object3D.cpp; sourceTree = "<group>"; };
		628F81051E02D267006F03E3 /* Object3D.h */ = {isa = PBXFileReference; fileEncoding = 4; lastKnownFileType = sourcecode.c.h; path = Object3D.h; sourceTree = "<group>"; };
		628F81061E02D267006F03E3 /* Proxy3DObject.cpp */ = {isa = PBXFileReference; fileEncoding = 4; lastKnownFileType = sourcecode.cpp.cpp; path = Proxy3DObject.cpp; sourceTree = "<group>"; };
		628F81071E02D267006F03E3 /* Proxy3DObject.h */ = {isa = PBXFileReference; fileEncoding = 4; lastKnownFileType = sourcecode.c.h; path = Proxy3DObject.h; sourceTree = "<group>"; };
		628F81081E02D267006F03E3 /* Real3DObject.cpp */ = {isa = PBXFileReference; fileEncoding = 4; lastKnownFileType = sourcecode.cpp.cpp; path = Real3DObject.cpp; sourceTree = "<group>"; };
		628F81091E02D267006F03E3 /* Real3DObject.h */ = {isa = PBXFileReference; fileEncoding = 4; lastKnownFileType = sourcecode.c.h; path = Real3DObject.h; sourceTree = "<group>"; };
/* End PBXFileReference section */

/* Begin PBXFrameworksBuildPhase section */
		628F80F41E02D23F006F03E3 /* Frameworks */ = {
			isa = PBXFrameworksBuildPhase;
			buildActionMask = 2147483647;
			files = (
			);
			runOnlyForDeploymentPostprocessing = 0;
		};
/* End PBXFrameworksBuildPhase section */

/* Begin PBXGroup section */
		628F80EE1E02D23F006F03E3 = {
			isa = PBXGroup;
			children = (
				628F80F91E02D23F006F03E3 /* ProxyVirtuel */,
				628F80F81E02D23F006F03E3 /* Products */,
			);
			sourceTree = "<group>";
		};
		628F80F81E02D23F006F03E3 /* Products */ = {
			isa = PBXGroup;
			children = (
				628F80F71E02D23F006F03E3 /* ProxyVirtuel */,
			);
			name = Products;
			sourceTree = "<group>";
		};
		628F80F91E02D23F006F03E3 /* ProxyVirtuel */ = {
			isa = PBXGroup;
			children = (
				628F81011E02D267006F03E3 /* Client.cpp */,
				628F81021E02D267006F03E3 /* Factory.cpp */,
				628F81031E02D267006F03E3 /* Factory.h */,
				628F81041E02D267006F03E3 /* Object3D.cpp */,
				628F81051E02D267006F03E3 /* Object3D.h */,
				628F81061E02D267006F03E3 /* Proxy3DObject.cpp */,
				628F81071E02D267006F03E3 /* Proxy3DObject.h */,
				628F81081E02D267006F03E3 /* Real3DObject.cpp */,
				628F81091E02D267006F03E3 /* Real3DObject.h */,
			);
			path = ProxyVirtuel;
			sourceTree = "<group>";
		};
/* End PBXGroup section */

/* Begin PBXNativeTarget section */
		628F80F61E02D23F006F03E3 /* ProxyVirtuel */ = {
			isa = PBXNativeTarget;
			buildConfigurationList = 628F80FE1E02D23F006F03E3 /* Build configuration list for PBXNativeTarget "ProxyVirtuel" */;
			buildPhases = (
				628F80F31E02D23F006F03E3 /* Sources */,
				628F80F41E02D23F006F03E3 /* Frameworks */,
				628F80F51E02D23F006F03E3 /* CopyFiles */,
			);
			buildRules = (
			);
			dependencies = (
			);
			name = ProxyVirtuel;
			productName = ProxyVirtuel;
			productReference = 628F80F71E02D23F006F03E3 /* ProxyVirtuel */;
			productType = "com.apple.product-type.tool";
		};
/* End PBXNativeTarget section */

/* Begin PBXProject section */
		628F80EF1E02D23F006F03E3 /* Project object */ = {
			isa = PBXProject;
			attributes = {
				LastUpgradeCheck = 0800;
				ORGANIZATIONNAME = LTM;
				TargetAttributes = {
					628F80F61E02D23F006F03E3 = {
						CreatedOnToolsVersion = 8.0;
						DevelopmentTeam = 2BSP2EH399;
						ProvisioningStyle = Automatic;
					};
				};
			};
			buildConfigurationList = 628F80F21E02D23F006F03E3 /* Build configuration list for PBXProject "ProxyVirtuel" */;
			compatibilityVersion = "Xcode 3.2";
			developmentRegion = English;
			hasScannedForEncodings = 0;
			knownRegions = (
				en,
			);
			mainGroup = 628F80EE1E02D23F006F03E3;
			productRefGroup = 628F80F81E02D23F006F03E3 /* Products */;
			projectDirPath = "";
			projectRoot = "";
			targets = (
				628F80F61E02D23F006F03E3 /* ProxyVirtuel */,
			);
		};
/* End PBXProject section */

/* Begin PBXSourcesBuildPhase section */
		628F80F31E02D23F006F03E3 /* Sources */ = {
			isa = PBXSourcesBuildPhase;
			buildActionMask = 2147483647;
			files = (
				628F810E1E02D267006F03E3 /* Real3DObject.cpp in Sources */,
				628F810B1E02D267006F03E3 /* Factory.cpp in Sources */,
				628F810A1E02D267006F03E3 /* Client.cpp in Sources */,
				628F810D1E02D267006F03E3 /* Proxy3DObject.cpp in Sources */,
				628F810C1E02D267006F03E3 /* Object3D.cpp in Sources */,
			);
			runOnlyForDeploymentPostprocessing = 0;
		};
/* End PBXSourcesBuildPhase section */

/* Begin XCBuildConfiguration section */
		628F80FC1E02D23F006F03E3 /* Debug */ = {
			isa = XCBuildConfiguration;
			buildSettings = {
				ALWAYS_SEARCH_USER_PATHS = NO;
				CLANG_ANALYZER_NONNULL = YES;
				CLANG_CXX_LANGUAGE_STANDARD = "gnu++0x";
				CLANG_CXX_LIBRARY = "libc++";
				CLANG_ENABLE_MODULES = YES;
				CLANG_ENABLE_OBJC_ARC = YES;
				CLANG_WARN_BOOL_CONVERSION = YES;
				CLANG_WARN_CONSTANT_CONVERSION = YES;
				CLANG_WARN_DIRECT_OBJC_ISA_USAGE = YES_ERROR;
				CLANG_WARN_DOCUMENTATION_COMMENTS = YES;
				CLANG_WARN_EMPTY_BODY = YES;
				CLANG_WARN_ENUM_CONVERSION = YES;
				CLANG_WARN_INFINITE_RECURSION = YES;
				CLANG_WARN_INT_CONVERSION = YES;
				CLANG_WARN_OBJC_ROOT_CLASS = YES_ERROR;
				CLANG_WARN_SUSPICIOUS_MOVES = YES;
				CLANG_WARN_UNREACHABLE_CODE = YES;
				CLANG_WARN__DUPLICATE_METHOD_MATCH = YES;
				CODE_SIGN_IDENTITY = "-";
				COPY_PHASE_STRIP = NO;
				DEBUG_INFORMATION_FORMAT = dwarf;
				ENABLE_STRICT_OBJC_MSGSEND = YES;
				ENABLE_TESTABILITY = YES;
				GCC_C_LANGUAGE_STANDARD = gnu99;
				GCC_DYNAMIC_NO_PIC = NO;
				GCC_NO_COMMON_BLOCKS = YES;
				GCC_OPTIMIZATION_LEVEL = 0;
				GCC_PREPROCESSOR_DEFINITIONS = (
					"DEBUG=1",
					"$(inherited)",
				);
				GCC_WARN_64_TO_32_BIT_CONVERSION = YES;
				GCC_WARN_ABOUT_RETURN_TYPE = YES_ERROR;
				GCC_WARN_UNDECLARED_SELECTOR = YES;
				GCC_WARN_UNINITIALIZED_AUTOS = YES_AGGRESSIVE;
				GCC_WARN_UNUSED_FUNCTION = YES;
				GCC_WARN_UNUSED_VARIABLE = YES;
				MACOSX_DEPLOYMENT_TARGET = 10.11;
				MTL_ENABLE_DEBUG_INFO = YES;
				ONLY_ACTIVE_ARCH = YES;
				SDKROOT = macosx;
			};
			name = Debug;
		};
		628F80FD1E02D23F006F03E3 /* Release */ = {
			isa = XCBuildConfiguration;
			buildSettings = {
				ALWAYS_SEARCH_USER_PATHS = NO;
				CLANG_ANALYZER_NONNULL = YES;
				CLANG_CXX_LANGUAGE_STANDARD = "gnu++0x";
				CLANG_CXX_LIBRARY = "libc++";
				CLANG_ENABLE_MODULES = YES;
				CLANG_ENABLE_OBJC_ARC = YES;
				CLANG_WARN_BOOL_CONVERSION = YES;
				CLANG_WARN_CONSTANT_CONVERSION = YES;
				CLANG_WARN_DIRECT_OBJC_ISA_USAGE = YES_ERROR;
				CLANG_WARN_DOCUMENTATION_COMMENTS = YES;
				CLANG_WARN_EMPTY_BODY = YES;
				CLANG_WARN_ENUM_CONVERSION = YES;
				CLANG_WARN_INFINITE_RECURSION = YES;
				CLANG_WARN_INT_CONVERSION = YES;
				CLANG_WARN_OBJC_ROOT_CLASS = YES_ERROR;
				CLANG_WARN_SUSPICIOUS_MOVES = YES;
				CLANG_WARN_UNREACHABLE_CODE = YES;
				CLANG_WARN__DUPLICATE_METHOD_MATCH = YES;
				CODE_SIGN_IDENTITY = "-";
				COPY_PHASE_STRIP = NO;
				DEBUG_INFORMATION_FORMAT = "dwarf-with-dsym";
				ENABLE_NS_ASSERTIONS = NO;
				ENABLE_STRICT_OBJC_MSGSEND = YES;
				GCC_C_LANGUAGE_STANDARD = gnu99;
				GCC_NO_COMMON_BLOCKS = YES;
				GCC_WARN_64_TO_32_BIT_CONVERSION = YES;
				GCC_WARN_ABOUT_RETURN_TYPE = YES_ERROR;
				GCC_WARN_UNDECLARED_SELECTOR = YES;
				GCC_WARN_UNINITIALIZED_AUTOS = YES_AGGRESSIVE;
				GCC_WARN_UNUSED_FUNCTION = YES;
				GCC_WARN_UNUSED_VARIABLE = YES;
				MACOSX_DEPLOYMENT_TARGET = 10.11;
				MTL_ENABLE_DEBUG_INFO = NO;
				SDKROOT = macosx;
			};
			name = Release;
		};
		628F80FF1E02D23F006F03E3 /* Debug */ = {
			isa = XCBuildConfiguration;
			buildSettings = {
				DEVELOPMENT_TEAM = 2BSP2EH399;
				PRODUCT_NAME = "$(TARGET_NAME)";
			};
			name = Debug;
		};
		628F81001E02D23F006F03E3 /* Release */ = {
			isa = XCBuildConfiguration;
			buildSettings = {
				DEVELOPMENT_TEAM = 2BSP2EH399;
				PRODUCT_NAME = "$(TARGET_NAME)";
			};
			name = Release;
		};
/* End XCBuildConfiguration section */

/* Begin XCConfigurationList section */
		628F80F21E02D23F006F03E3 /* Build configuration list for PBXProject "ProxyVirtuel" */ = {
			isa = XCConfigurationList;
			buildConfigurations = (
				628F80FC1E02D23F006F03E3 /* Debug */,
				628F80FD1E02D23F006F03E3 /* Release */,
			);
			defaultConfigurationIsVisible = 0;
			defaultConfigurationName = Release;
		};
		628F80FE1E02D23F006F03E3 /* Build configuration list for PBXNativeTarget "ProxyVirtuel" */ = {
			isa = XCConfigurationList;
			buildConfigurations = (
				628F80FF1E02D23F006F03E3 /* Debug */,
				628F81001E02D23F006F03E3 /* Release */,
			);
			defaultConfigurationIsVisible = 0;
		};
/* End XCConfigurationList section */
	};
	rootObject = 628F80EF1E02D23F006F03E3 /* Project object */;
}
